
Microsoft Visual Studio Solution File, Format Version 12.00
# Visual Studio Version 17
VisualStudioVersion = 17.11.35312.102
MinimumVisualStudioVersion = 10.0.40219.1
Project("{888888A0-9F3D-457C-B088-3A5042F75D52}") = "Griffindor", "Griffindor.pyproj", "{AB6EA07B-CE02-4319-A986-F1DCA96B655A}"
EndProject
Global
	GlobalSection(SolutionConfigurationPlatforms) = preSolution
		Debug|Any CPU = Debug|Any CPU
		Release|Any CPU = Release|Any CPU
	EndGlobalSection
	GlobalSection(ProjectConfigurationPlatforms) = postSolution
		{AB6EA07B-CE02-4319-A986-F1DCA96B655A}.Debug|Any CPU.ActiveCfg = Debug|Any CPU
		{AB6EA07B-CE02-4319-A986-F1DCA96B655A}.Release|Any CPU.ActiveCfg = Release|Any CPU
	EndGlobalSection
	GlobalSection(SolutionProperties) = preSolution
		HideSolutionNode = FALSE
	EndGlobalSection
	GlobalSection(ExtensibilityGlobals) = postSolution
		SolutionGuid = {51FFACD1-14CF-4844-940C-891FA9734C42}
	EndGlobalSection
EndGlobal
